<?xml version="1.0" encoding="utf-8"?>
<Project ToolsVersion="4.0" xmlns="http://schemas.microsoft.com/developer/msbuild/2003">
  <ItemGroup>
    <ClCompile Include="Bombe.cpp">
      <Filter>Sources</Filter>
    </ClCompile>
    <ClCompile Include="BombeElectro.cpp">
      <Filter>Sources</Filter>
    </ClCompile>
    <ClCompile Include="Bonus.cpp">
      <Filter>Sources</Filter>
    </ClCompile>
    <ClCompile Include="BonusLaserBeam.cpp">
      <Filter>Sources</Filter>
    </ClCompile>
    <ClCompile Include="BonusMissile.cpp">
      <Filter>Sources</Filter>
    </ClCompile>
    <ClCompile Include="BonusScatter.cpp">
      <Filter>Sources</Filter>
    </ClCompile>
    <ClCompile Include="BonusScore.cpp">
      <Filter>Sources</Filter>
    </ClCompile>
    <ClCompile Include="BonusShield.cpp">
      <Filter>Sources</Filter>
    </ClCompile>
    <ClCompile Include="Boss.cpp">
      <Filter>Sources</Filter>
    </ClCompile>
    <ClCompile Include="Boss_Groupe.cpp">
      <Filter>Sources</Filter>
    </ClCompile>
    <ClCompile Include="Enemy.cpp">
      <Filter>Sources</Filter>
    </ClCompile>
    <ClCompile Include="Enemy_Boss.cpp">
      <Filter>Sources</Filter>
    </ClCompile>
    <ClCompile Include="Enemy1.cpp">
      <Filter>Sources</Filter>
    </ClCompile>
    <ClCompile Include="Enemy2.cpp">
      <Filter>Sources</Filter>
    </ClCompile>
    <ClCompile Include="Enemy3.cpp">
      <Filter>Sources</Filter>
    </ClCompile>
    <ClCompile Include="Enemy4.cpp">
      <Filter>Sources</Filter>
    </ClCompile>
    <ClCompile Include="Explosion.cpp">
      <Filter>Sources</Filter>
    </ClCompile>
    <ClCompile Include="FondMobile.cpp">
      <Filter>Sources</Filter>
    </ClCompile>
    <ClCompile Include="Game.cpp">
      <Filter>Sources</Filter>
    </ClCompile>
    <ClCompile Include="Main.cpp">
      <Filter>Sources</Filter>
    </ClCompile>
    <ClCompile Include="Portail.cpp">
      <Filter>Sources</Filter>
    </ClCompile>
    <ClCompile Include="Projectile.cpp">
      <Filter>Sources</Filter>
    </ClCompile>
    <ClCompile Include="Projectile_Beam.cpp">
      <Filter>Sources</Filter>
    </ClCompile>
    <ClCompile Include="Projectile_Enemy.cpp">
      <Filter>Sources</Filter>
    </ClCompile>
    <ClCompile Include="Projectile_Missile.cpp">
      <Filter>Sources</Filter>
    </ClCompile>
    <ClCompile Include="Projectile_normal.cpp">
      <Filter>Sources</Filter>
    </ClCompile>
    <ClCompile Include="SceneCombat.cpp">
      <Filter>Sources</Filter>
    </ClCompile>
    <ClCompile Include="SceneFin.cpp">
      <Filter>Sources</Filter>
    </ClCompile>
    <ClCompile Include="SceneTitre.cpp">
      <Filter>Sources</Filter>
    </ClCompile>
    <ClCompile Include="Shield.cpp">
      <Filter>Sources</Filter>
    </ClCompile>
    <ClCompile Include="Sujet.cpp">
      <Filter>Sources</Filter>
    </ClCompile>
    <ClCompile Include="Testeur.cpp">
      <Filter>Sources</Filter>
    </ClCompile>
    <ClCompile Include="Vaisseau.cpp">
      <Filter>Sources</Filter>
    </ClCompile>
  </ItemGroup>
  <ItemGroup>
    <ClInclude Include="resource.h" />
    <ClInclude Include="Bombe.h">
      <Filter>Entetes</Filter>
    </ClInclude>
    <ClInclude Include="BombeElectro.h">
      <Filter>Entetes</Filter>
    </ClInclude>
    <ClInclude Include="Bonus.h">
      <Filter>Entetes</Filter>
    </ClInclude>
    <ClInclude Include="BonusLaserBeam.h">
      <Filter>Entetes</Filter>
    </ClInclude>
    <ClInclude Include="BonusMissile.h">
      <Filter>Entetes</Filter>
    </ClInclude>
    <ClInclude Include="BonusScatter.h">
      <Filter>Entetes</Filter>
    </ClInclude>
    <ClInclude Include="BonusScore.h">
      <Filter>Entetes</Filter>
    </ClInclude>
    <ClInclude Include="BonusShield.h">
      <Filter>Entetes</Filter>
    </ClInclude>
    <ClInclude Include="Boss.h">
      <Filter>Entetes</Filter>
    </ClInclude>
    <ClInclude Include="Boss_Groupe.h">
      <Filter>Entetes</Filter>
    </ClInclude>
    <ClInclude Include="Enemy.h">
      <Filter>Entetes</Filter>
    </ClInclude>
    <ClInclude Include="Enemy_Boss.h">
      <Filter>Entetes</Filter>
    </ClInclude>
    <ClInclude Include="Enemy1.h">
      <Filter>Entetes</Filter>
    </ClInclude>
    <ClInclude Include="Enemy2.h">
      <Filter>Entetes</Filter>
    </ClInclude>
    <ClInclude Include="Enemy3.h">
      <Filter>Entetes</Filter>
    </ClInclude>
    <ClInclude Include="Enemy4.h">
      <Filter>Entetes</Filter>
    </ClInclude>
    <ClInclude Include="Explosion.h">
      <Filter>Entetes</Filter>
    </ClInclude>
    <ClInclude Include="FabriqueEnemy.h">
      <Filter>Entetes</Filter>
    </ClInclude>
    <ClInclude Include="FabriqueEnemy1.h">
      <Filter>Entetes</Filter>
    </ClInclude>
    <ClInclude Include="FondMobile.h">
      <Filter>Entetes</Filter>
    </ClInclude>
    <ClInclude Include="Game.h">
      <Filter>Entetes</Filter>
    </ClInclude>
    <ClInclude Include="IComponant.h">
      <Filter>Entetes</Filter>
    </ClInclude>
    <ClInclude Include="IObservateur.h">
      <Filter>Entetes</Filter>
    </ClInclude>
    <ClInclude Include="Portail.h">
      <Filter>Entetes</Filter>
    </ClInclude>
    <ClInclude Include="Projectile.h">
      <Filter>Entetes</Filter>
    </ClInclude>
    <ClInclude Include="Projectile_Beam.h">
      <Filter>Entetes</Filter>
    </ClInclude>
    <ClInclude Include="Projectile_Enemy.h">
      <Filter>Entetes</Filter>
    </ClInclude>
    <ClInclude Include="Projectile_Missile.h">
      <Filter>Entetes</Filter>
    </ClInclude>
    <ClInclude Include="Projectile_normal.h">
      <Filter>Entetes</Filter>
    </ClInclude>
    <ClInclude Include="Scene.h">
      <Filter>Entetes</Filter>
    </ClInclude>
    <ClInclude Include="SceneCombat.h">
      <Filter>Entetes</Filter>
    </ClInclude>
    <ClInclude Include="SceneFin.h">
      <Filter>Entetes</Filter>
    </ClInclude>
    <ClInclude Include="SceneTitre.h">
      <Filter>Entetes</Filter>
    </ClInclude>
    <ClInclude Include="Shield.h">
      <Filter>Entetes</Filter>
    </ClInclude>
    <ClInclude Include="Sujet.h">
      <Filter>Entetes</Filter>
    </ClInclude>
    <ClInclude Include="Testeur.h">
      <Filter>Entetes</Filter>
    </ClInclude>
    <ClInclude Include="Vaisseau.h">
      <Filter>Entetes</Filter>
    </ClInclude>
    <ClInclude Include="VaisseauLogique.h">
      <Filter>Entetes</Filter>
    </ClInclude>
    <ClInclude Include="Weapon.h">
      <Filter>Entetes</Filter>
    </ClInclude>
    <ClInclude Include="File.h">
      <Filter>Structures</Filter>
    </ClInclude>
    <ClInclude Include="list.h">
      <Filter>Structures</Filter>
    </ClInclude>
    <ClInclude Include="Pile.h">
      <Filter>Structures</Filter>
    </ClInclude>
  </ItemGroup>
  <ItemGroup>
    <ResourceCompile Include="TP3.rc" />
  </ItemGroup>
  <ItemGroup>
    <Filter Include="Sources">
      <UniqueIdentifier>{ceaf23a2-d7ec-41d4-a238-1ff50c9d376b}</UniqueIdentifier>
    </Filter>
    <Filter Include="Entetes">
      <UniqueIdentifier>{b9f886da-3d11-4e25-a662-18db698893ca}</UniqueIdentifier>
    </Filter>
    <Filter Include="Structures">
      <UniqueIdentifier>{470a6d1f-ec50-423d-9dad-c0aafc2e56b7}</UniqueIdentifier>
    </Filter>
  </ItemGroup>
</Project>